// !$*UTF8*$!
{
	archiveVersion = 1;
	classes = {
	};
	objectVersion = 50;
	objects = {

/* Begin PBXBuildFile section */
		D4B6E42C241517FE007D43FB /* NextScreenTableViewCell.swift in Sources */ = {isa = PBXBuildFile; fileRef = D4B6E42A241517FE007D43FB /* NextScreenTableViewCell.swift */; };
		D4B6E42D241517FE007D43FB /* NextScreenTableViewCell.xib in Resources */ = {isa = PBXBuildFile; fileRef = D4B6E42B241517FE007D43FB /* NextScreenTableViewCell.xib */; };
		D4C6527824150FF0000E6D7D /* RegionTableViewController.swift in Sources */ = {isa = PBXBuildFile; fileRef = D4C6527724150FF0000E6D7D /* RegionTableViewController.swift */; };
		D4C6527B24151076000E6D7D /* DownloadMapTableViewCell.swift in Sources */ = {isa = PBXBuildFile; fileRef = D4C6527924151076000E6D7D /* DownloadMapTableViewCell.swift */; };
		D4C6527C24151076000E6D7D /* DownloadMapTableViewCell.xib in Resources */ = {isa = PBXBuildFile; fileRef = D4C6527A24151076000E6D7D /* DownloadMapTableViewCell.xib */; };
		D4F63226241504B700604416 /* AppDelegate.swift in Sources */ = {isa = PBXBuildFile; fileRef = D4F63225241504B700604416 /* AppDelegate.swift */; };
		D4F63228241504B700604416 /* SceneDelegate.swift in Sources */ = {isa = PBXBuildFile; fileRef = D4F63227241504B700604416 /* SceneDelegate.swift */; };
		D4F6322D241504B700604416 /* Main.storyboard in Resources */ = {isa = PBXBuildFile; fileRef = D4F6322B241504B700604416 /* Main.storyboard */; };
		D4F6322F241504BB00604416 /* Assets.xcassets in Resources */ = {isa = PBXBuildFile; fileRef = D4F6322E241504BB00604416 /* Assets.xcassets */; };
		D4F63232241504BB00604416 /* LaunchScreen.storyboard in Resources */ = {isa = PBXBuildFile; fileRef = D4F63230241504BB00604416 /* LaunchScreen.storyboard */; };
		D4F6323A241505C000604416 /* CountryTableViewController.swift in Sources */ = {isa = PBXBuildFile; fileRef = D4F63239241505C000604416 /* CountryTableViewController.swift */; };
		D4F63240241506A100604416 /* Constants.swift in Sources */ = {isa = PBXBuildFile; fileRef = D4F6323F241506A100604416 /* Constants.swift */; };
		D4F63242241507A000604416 /* MapRegion.swift in Sources */ = {isa = PBXBuildFile; fileRef = D4F63241241507A000604416 /* MapRegion.swift */; };
		D4FAB12124152C6B0091A1ED /* RegionHeaderView.swift in Sources */ = {isa = PBXBuildFile; fileRef = D4FAB12024152C6B0091A1ED /* RegionHeaderView.swift */; };
		D4FAB12524152DC60091A1ED /* RegionHeaderView.xib in Resources */ = {isa = PBXBuildFile; fileRef = D4FAB12424152DC60091A1ED /* RegionHeaderView.xib */; };
		D4FAB128241539B80091A1ED /* .gitignore in Resources */ = {isa = PBXBuildFile; fileRef = D4FAB127241539B80091A1ED /* .gitignore */; };
		D4FAB12A24153CEC0091A1ED /* Utils.swift in Sources */ = {isa = PBXBuildFile; fileRef = D4FAB12924153CEC0091A1ED /* Utils.swift */; };
		D4FAB12C24153DE70091A1ED /* MapLoader.swift in Sources */ = {isa = PBXBuildFile; fileRef = D4FAB12B24153DE70091A1ED /* MapLoader.swift */; };
		D4FAB131241664A40091A1ED /* UIRoundedProgressView.swift in Sources */ = {isa = PBXBuildFile; fileRef = D4FAB130241664A40091A1ED /* UIRoundedProgressView.swift */; };
		D4FAB13624166D1F0091A1ED /* SF-Pro-Display-Bold.otf in Resources */ = {isa = PBXBuildFile; fileRef = D4FAB13324166D1E0091A1ED /* SF-Pro-Display-Bold.otf */; };
		D4FAB13724166D1F0091A1ED /* SF-Pro-Text-Regular.otf in Resources */ = {isa = PBXBuildFile; fileRef = D4FAB13424166D1E0091A1ED /* SF-Pro-Text-Regular.otf */; };
		D4FAB13824166D1F0091A1ED /* SF-Pro-Text-Semibold.otf in Resources */ = {isa = PBXBuildFile; fileRef = D4FAB13524166D1E0091A1ED /* SF-Pro-Text-Semibold.otf */; };
		D4FAB13B241670BE0091A1ED /* regions.xml in Resources */ = {isa = PBXBuildFile; fileRef = D4FAB13A241670BE0091A1ED /* regions.xml */; };
		D4FAB13D241676BE0091A1ED /* Parser.swift in Sources */ = {isa = PBXBuildFile; fileRef = D4FAB13C241676BE0091A1ED /* Parser.swift */; };
		D4FAB14524168BD00091A1ED /* EndPointType.swift in Sources */ = {isa = PBXBuildFile; fileRef = D4FAB14424168BD00091A1ED /* EndPointType.swift */; };
		D4FAB14724168C320091A1ED /* HTTPMethod.swift in Sources */ = {isa = PBXBuildFile; fileRef = D4FAB14624168C320091A1ED /* HTTPMethod.swift */; };
		D4FAB14924168CA80091A1ED /* HTTPTask.swift in Sources */ = {isa = PBXBuildFile; fileRef = D4FAB14824168CA80091A1ED /* HTTPTask.swift */; };
		D4FAB14B24168D270091A1ED /* ParameterEncoding.swift in Sources */ = {isa = PBXBuildFile; fileRef = D4FAB14A24168D270091A1ED /* ParameterEncoding.swift */; };
		D4FAB14D24168E8F0091A1ED /* URLParameterEncoder.swift in Sources */ = {isa = PBXBuildFile; fileRef = D4FAB14C24168E8F0091A1ED /* URLParameterEncoder.swift */; };
		D4FAB151241691260091A1ED /* NetworkRouter.swift in Sources */ = {isa = PBXBuildFile; fileRef = D4FAB150241691260091A1ED /* NetworkRouter.swift */; };
		D4FAB1532416924C0091A1ED /* Router.swift in Sources */ = {isa = PBXBuildFile; fileRef = D4FAB1522416924C0091A1ED /* Router.swift */; };
		D4FAB1552416B42E0091A1ED /* JSONParameterEncoder.swift in Sources */ = {isa = PBXBuildFile; fileRef = D4FAB1542416B42E0091A1ED /* JSONParameterEncoder.swift */; };
		D4FAB1572416B6960091A1ED /* MapEndPoint.swift in Sources */ = {isa = PBXBuildFile; fileRef = D4FAB1562416B6960091A1ED /* MapEndPoint.swift */; };
		D4FAB1592416BB250091A1ED /* NetworkManager.swift in Sources */ = {isa = PBXBuildFile; fileRef = D4FAB1582416BB250091A1ED /* NetworkManager.swift */; };
/* End PBXBuildFile section */

/* Begin PBXFileReference section */
		D4B6E42A241517FE007D43FB /* NextScreenTableViewCell.swift */ = {isa = PBXFileReference; lastKnownFileType = sourcecode.swift; path = NextScreenTableViewCell.swift; sourceTree = "<group>"; };
		D4B6E42B241517FE007D43FB /* NextScreenTableViewCell.xib */ = {isa = PBXFileReference; lastKnownFileType = file.xib; path = NextScreenTableViewCell.xib; sourceTree = "<group>"; };
		D4C6527724150FF0000E6D7D /* RegionTableViewController.swift */ = {isa = PBXFileReference; lastKnownFileType = sourcecode.swift; path = RegionTableViewController.swift; sourceTree = "<group>"; };
		D4C6527924151076000E6D7D /* DownloadMapTableViewCell.swift */ = {isa = PBXFileReference; lastKnownFileType = sourcecode.swift; path = DownloadMapTableViewCell.swift; sourceTree = "<group>"; };
		D4C6527A24151076000E6D7D /* DownloadMapTableViewCell.xib */ = {isa = PBXFileReference; lastKnownFileType = file.xib; path = DownloadMapTableViewCell.xib; sourceTree = "<group>"; };
		D4F63222241504B700604416 /* MapLoader.app */ = {isa = PBXFileReference; explicitFileType = wrapper.application; includeInIndex = 0; path = MapLoader.app; sourceTree = BUILT_PRODUCTS_DIR; };
		D4F63225241504B700604416 /* AppDelegate.swift */ = {isa = PBXFileReference; lastKnownFileType = sourcecode.swift; path = AppDelegate.swift; sourceTree = "<group>"; };
		D4F63227241504B700604416 /* SceneDelegate.swift */ = {isa = PBXFileReference; lastKnownFileType = sourcecode.swift; path = SceneDelegate.swift; sourceTree = "<group>"; };
		D4F6322C241504B700604416 /* Base */ = {isa = PBXFileReference; lastKnownFileType = file.storyboard; name = Base; path = Base.lproj/Main.storyboard; sourceTree = "<group>"; };
		D4F6322E241504BB00604416 /* Assets.xcassets */ = {isa = PBXFileReference; lastKnownFileType = folder.assetcatalog; path = Assets.xcassets; sourceTree = "<group>"; };
		D4F63231241504BB00604416 /* Base */ = {isa = PBXFileReference; lastKnownFileType = file.storyboard; name = Base; path = Base.lproj/LaunchScreen.storyboard; sourceTree = "<group>"; };
		D4F63233241504BB00604416 /* Info.plist */ = {isa = PBXFileReference; lastKnownFileType = text.plist.xml; path = Info.plist; sourceTree = "<group>"; };
		D4F63239241505C000604416 /* CountryTableViewController.swift */ = {isa = PBXFileReference; lastKnownFileType = sourcecode.swift; path = CountryTableViewController.swift; sourceTree = "<group>"; };
		D4F6323F241506A100604416 /* Constants.swift */ = {isa = PBXFileReference; lastKnownFileType = sourcecode.swift; path = Constants.swift; sourceTree = "<group>"; };
		D4F63241241507A000604416 /* MapRegion.swift */ = {isa = PBXFileReference; lastKnownFileType = sourcecode.swift; path = MapRegion.swift; sourceTree = "<group>"; };
		D4FAB12024152C6B0091A1ED /* RegionHeaderView.swift */ = {isa = PBXFileReference; lastKnownFileType = sourcecode.swift; path = RegionHeaderView.swift; sourceTree = "<group>"; };
		D4FAB12424152DC60091A1ED /* RegionHeaderView.xib */ = {isa = PBXFileReference; lastKnownFileType = file.xib; path = RegionHeaderView.xib; sourceTree = "<group>"; };
		D4FAB127241539B80091A1ED /* .gitignore */ = {isa = PBXFileReference; lastKnownFileType = text; path = .gitignore; sourceTree = "<group>"; };
		D4FAB12924153CEC0091A1ED /* Utils.swift */ = {isa = PBXFileReference; lastKnownFileType = sourcecode.swift; path = Utils.swift; sourceTree = "<group>"; };
		D4FAB12B24153DE70091A1ED /* MapLoader.swift */ = {isa = PBXFileReference; lastKnownFileType = sourcecode.swift; path = MapLoader.swift; sourceTree = "<group>"; };
		D4FAB130241664A40091A1ED /* UIRoundedProgressView.swift */ = {isa = PBXFileReference; lastKnownFileType = sourcecode.swift; path = UIRoundedProgressView.swift; sourceTree = "<group>"; };
		D4FAB13324166D1E0091A1ED /* SF-Pro-Display-Bold.otf */ = {isa = PBXFileReference; lastKnownFileType = file; path = "SF-Pro-Display-Bold.otf"; sourceTree = "<group>"; };
		D4FAB13424166D1E0091A1ED /* SF-Pro-Text-Regular.otf */ = {isa = PBXFileReference; lastKnownFileType = file; path = "SF-Pro-Text-Regular.otf"; sourceTree = "<group>"; };
		D4FAB13524166D1E0091A1ED /* SF-Pro-Text-Semibold.otf */ = {isa = PBXFileReference; lastKnownFileType = file; path = "SF-Pro-Text-Semibold.otf"; sourceTree = "<group>"; };
		D4FAB13A241670BE0091A1ED /* regions.xml */ = {isa = PBXFileReference; fileEncoding = 4; lastKnownFileType = text.xml; path = regions.xml; sourceTree = "<group>"; };
		D4FAB13C241676BE0091A1ED /* Parser.swift */ = {isa = PBXFileReference; lastKnownFileType = sourcecode.swift; path = Parser.swift; sourceTree = "<group>"; };
		D4FAB14424168BD00091A1ED /* EndPointType.swift */ = {isa = PBXFileReference; lastKnownFileType = sourcecode.swift; path = EndPointType.swift; sourceTree = "<group>"; };
		D4FAB14624168C320091A1ED /* HTTPMethod.swift */ = {isa = PBXFileReference; lastKnownFileType = sourcecode.swift; path = HTTPMethod.swift; sourceTree = "<group>"; };
		D4FAB14824168CA80091A1ED /* HTTPTask.swift */ = {isa = PBXFileReference; lastKnownFileType = sourcecode.swift; path = HTTPTask.swift; sourceTree = "<group>"; };
		D4FAB14A24168D270091A1ED /* ParameterEncoding.swift */ = {isa = PBXFileReference; lastKnownFileType = sourcecode.swift; path = ParameterEncoding.swift; sourceTree = "<group>"; };
		D4FAB14C24168E8F0091A1ED /* URLParameterEncoder.swift */ = {isa = PBXFileReference; lastKnownFileType = sourcecode.swift; path = URLParameterEncoder.swift; sourceTree = "<group>"; };
		D4FAB150241691260091A1ED /* NetworkRouter.swift */ = {isa = PBXFileReference; lastKnownFileType = sourcecode.swift; path = NetworkRouter.swift; sourceTree = "<group>"; };
		D4FAB1522416924C0091A1ED /* Router.swift */ = {isa = PBXFileReference; lastKnownFileType = sourcecode.swift; path = Router.swift; sourceTree = "<group>"; };
		D4FAB1542416B42E0091A1ED /* JSONParameterEncoder.swift */ = {isa = PBXFileReference; lastKnownFileType = sourcecode.swift; path = JSONParameterEncoder.swift; sourceTree = "<group>"; };
		D4FAB1562416B6960091A1ED /* MapEndPoint.swift */ = {isa = PBXFileReference; lastKnownFileType = sourcecode.swift; path = MapEndPoint.swift; sourceTree = "<group>"; };
		D4FAB1582416BB250091A1ED /* NetworkManager.swift */ = {isa = PBXFileReference; lastKnownFileType = sourcecode.swift; path = NetworkManager.swift; sourceTree = "<group>"; };
/* End PBXFileReference section */

/* Begin PBXFrameworksBuildPhase section */
		D4F6321F241504B700604416 /* Frameworks */ = {
			isa = PBXFrameworksBuildPhase;
			buildActionMask = 2147483647;
			files = (
			);
			runOnlyForDeploymentPostprocessing = 0;
		};
/* End PBXFrameworksBuildPhase section */

/* Begin PBXGroup section */
		D4F63219241504B600604416 = {
			isa = PBXGroup;
			children = (
				D4F63224241504B700604416 /* MapLoader */,
				D4F63223241504B700604416 /* Products */,
			);
			sourceTree = "<group>";
		};
		D4F63223241504B700604416 /* Products */ = {
			isa = PBXGroup;
			children = (
				D4F63222241504B700604416 /* MapLoader.app */,
			);
			name = Products;
			sourceTree = "<group>";
		};
		D4F63224241504B700604416 /* MapLoader */ = {
			isa = PBXGroup;
			children = (
				D4FAB13E24168B560091A1ED /* Application */,
				D4F6323D241505D800604416 /* Controller */,
				D4F6323C241505D300604416 /* View */,
				D4F6323B241505CA00604416 /* Model */,
				D4FAB13F24168B790091A1ED /* Networking */,
				D4F6322E241504BB00604416 /* Assets.xcassets */,
				D4F63233241504BB00604416 /* Info.plist */,
				D4FAB127241539B80091A1ED /* .gitignore */,
				D4FAB13224166C670091A1ED /* Resources */,
			);
			path = MapLoader;
			sourceTree = "<group>";
		};
		D4F6323B241505CA00604416 /* Model */ = {
			isa = PBXGroup;
			children = (
				D4F63241241507A000604416 /* MapRegion.swift */,
				D4FAB12B24153DE70091A1ED /* MapLoader.swift */,
				D4FAB13C241676BE0091A1ED /* Parser.swift */,
			);
			path = Model;
			sourceTree = "<group>";
		};
		D4F6323C241505D300604416 /* View */ = {
			isa = PBXGroup;
			children = (
				D4FAB12F241661CA0091A1ED /* CocoaTouchFiles */,
				D4FAB12E241661B90091A1ED /* Storyboards */,
				D4FAB12D241661980091A1ED /* XIBs */,
			);
			path = View;
			sourceTree = "<group>";
		};
		D4F6323D241505D800604416 /* Controller */ = {
			isa = PBXGroup;
			children = (
				D4F63239241505C000604416 /* CountryTableViewController.swift */,
				D4F6323F241506A100604416 /* Constants.swift */,
				D4C6527724150FF0000E6D7D /* RegionTableViewController.swift */,
				D4FAB12924153CEC0091A1ED /* Utils.swift */,
			);
			path = Controller;
			sourceTree = "<group>";
		};
		D4FAB12D241661980091A1ED /* XIBs */ = {
			isa = PBXGroup;
			children = (
				D4C6527A24151076000E6D7D /* DownloadMapTableViewCell.xib */,
				D4B6E42B241517FE007D43FB /* NextScreenTableViewCell.xib */,
				D4FAB12424152DC60091A1ED /* RegionHeaderView.xib */,
			);
			path = XIBs;
			sourceTree = "<group>";
		};
		D4FAB12E241661B90091A1ED /* Storyboards */ = {
			isa = PBXGroup;
			children = (
				D4F63230241504BB00604416 /* LaunchScreen.storyboard */,
				D4F6322B241504B700604416 /* Main.storyboard */,
			);
			path = Storyboards;
			sourceTree = "<group>";
		};
		D4FAB12F241661CA0091A1ED /* CocoaTouchFiles */ = {
			isa = PBXGroup;
			children = (
				D4C6527924151076000E6D7D /* DownloadMapTableViewCell.swift */,
				D4B6E42A241517FE007D43FB /* NextScreenTableViewCell.swift */,
				D4FAB12024152C6B0091A1ED /* RegionHeaderView.swift */,
				D4FAB130241664A40091A1ED /* UIRoundedProgressView.swift */,
			);
			path = CocoaTouchFiles;
			sourceTree = "<group>";
		};
		D4FAB13224166C670091A1ED /* Resources */ = {
			isa = PBXGroup;
			children = (
				D4FAB13A241670BE0091A1ED /* regions.xml */,
				D4FAB139241670940091A1ED /* Fonts */,
			);
			path = Resources;
			sourceTree = "<group>";
		};
		D4FAB139241670940091A1ED /* Fonts */ = {
			isa = PBXGroup;
			children = (
				D4FAB13324166D1E0091A1ED /* SF-Pro-Display-Bold.otf */,
				D4FAB13424166D1E0091A1ED /* SF-Pro-Text-Regular.otf */,
				D4FAB13524166D1E0091A1ED /* SF-Pro-Text-Semibold.otf */,
			);
			path = Fonts;
			sourceTree = "<group>";
		};
		D4FAB13E24168B560091A1ED /* Application */ = {
			isa = PBXGroup;
			children = (
				D4F63225241504B700604416 /* AppDelegate.swift */,
				D4F63227241504B700604416 /* SceneDelegate.swift */,
			);
			path = Application;
			sourceTree = "<group>";
		};
		D4FAB13F24168B790091A1ED /* Networking */ = {
			isa = PBXGroup;
			children = (
				D4FAB14324168BB50091A1ED /* Encoding */,
				D4FAB14224168BB00091A1ED /* Service */,
				D4FAB14124168BA80091A1ED /* Manager */,
				D4FAB14024168BA20091A1ED /* EndPoint */,
			);
			path = Networking;
			sourceTree = "<group>";
		};
		D4FAB14024168BA20091A1ED /* EndPoint */ = {
			isa = PBXGroup;
			children = (
				D4FAB1562416B6960091A1ED /* MapEndPoint.swift */,
			);
			path = EndPoint;
			sourceTree = "<group>";
		};
		D4FAB14124168BA80091A1ED /* Manager */ = {
			isa = PBXGroup;
			children = (
				D4FAB1582416BB250091A1ED /* NetworkManager.swift */,
			);
			path = Manager;
			sourceTree = "<group>";
		};
		D4FAB14224168BB00091A1ED /* Service */ = {
			isa = PBXGroup;
			children = (
				D4FAB14424168BD00091A1ED /* EndPointType.swift */,
				D4FAB14624168C320091A1ED /* HTTPMethod.swift */,
				D4FAB14824168CA80091A1ED /* HTTPTask.swift */,
				D4FAB150241691260091A1ED /* NetworkRouter.swift */,
				D4FAB1522416924C0091A1ED /* Router.swift */,
			);
			path = Service;
			sourceTree = "<group>";
		};
		D4FAB14324168BB50091A1ED /* Encoding */ = {
			isa = PBXGroup;
			children = (
				D4FAB14A24168D270091A1ED /* ParameterEncoding.swift */,
				D4FAB14C24168E8F0091A1ED /* URLParameterEncoder.swift */,
				D4FAB1542416B42E0091A1ED /* JSONParameterEncoder.swift */,
			);
			path = Encoding;
			sourceTree = "<group>";
		};
/* End PBXGroup section */

/* Begin PBXNativeTarget section */
		D4F63221241504B700604416 /* MapLoader */ = {
			isa = PBXNativeTarget;
			buildConfigurationList = D4F63236241504BB00604416 /* Build configuration list for PBXNativeTarget "MapLoader" */;
			buildPhases = (
				D4F6321E241504B700604416 /* Sources */,
				D4F6321F241504B700604416 /* Frameworks */,
				D4F63220241504B700604416 /* Resources */,
			);
			buildRules = (
			);
			dependencies = (
			);
			name = MapLoader;
			productName = MapLoader;
			productReference = D4F63222241504B700604416 /* MapLoader.app */;
			productType = "com.apple.product-type.application";
		};
/* End PBXNativeTarget section */

/* Begin PBXProject section */
		D4F6321A241504B700604416 /* Project object */ = {
			isa = PBXProject;
			attributes = {
				LastSwiftUpdateCheck = 1130;
				LastUpgradeCheck = 1130;
				ORGANIZATIONNAME = "Nikandr Marhal";
				TargetAttributes = {
					D4F63221241504B700604416 = {
						CreatedOnToolsVersion = 11.3.1;
					};
				};
			};
			buildConfigurationList = D4F6321D241504B700604416 /* Build configuration list for PBXProject "MapLoader" */;
			compatibilityVersion = "Xcode 9.3";
			developmentRegion = en;
			hasScannedForEncodings = 0;
			knownRegions = (
				en,
				Base,
			);
			mainGroup = D4F63219241504B600604416;
			productRefGroup = D4F63223241504B700604416 /* Products */;
			projectDirPath = "";
			projectRoot = "";
			targets = (
				D4F63221241504B700604416 /* MapLoader */,
			);
		};
/* End PBXProject section */

/* Begin PBXResourcesBuildPhase section */
		D4F63220241504B700604416 /* Resources */ = {
			isa = PBXResourcesBuildPhase;
			buildActionMask = 2147483647;
			files = (
				D4F63232241504BB00604416 /* LaunchScreen.storyboard in Resources */,
				D4FAB128241539B80091A1ED /* .gitignore in Resources */,
				D4FAB13824166D1F0091A1ED /* SF-Pro-Text-Semibold.otf in Resources */,
				D4F6322F241504BB00604416 /* Assets.xcassets in Resources */,
				D4F6322D241504B700604416 /* Main.storyboard in Resources */,
				D4FAB13B241670BE0091A1ED /* regions.xml in Resources */,
				D4B6E42D241517FE007D43FB /* NextScreenTableViewCell.xib in Resources */,
				D4C6527C24151076000E6D7D /* DownloadMapTableViewCell.xib in Resources */,
				D4FAB13724166D1F0091A1ED /* SF-Pro-Text-Regular.otf in Resources */,
				D4FAB13624166D1F0091A1ED /* SF-Pro-Display-Bold.otf in Resources */,
				D4FAB12524152DC60091A1ED /* RegionHeaderView.xib in Resources */,
			);
			runOnlyForDeploymentPostprocessing = 0;
		};
/* End PBXResourcesBuildPhase section */

/* Begin PBXSourcesBuildPhase section */
		D4F6321E241504B700604416 /* Sources */ = {
			isa = PBXSourcesBuildPhase;
			buildActionMask = 2147483647;
			files = (
				D4FAB1592416BB250091A1ED /* NetworkManager.swift in Sources */,
				D4C6527B24151076000E6D7D /* DownloadMapTableViewCell.swift in Sources */,
				D4FAB1572416B6960091A1ED /* MapEndPoint.swift in Sources */,
				D4F63226241504B700604416 /* AppDelegate.swift in Sources */,
				D4FAB12C24153DE70091A1ED /* MapLoader.swift in Sources */,
				D4B6E42C241517FE007D43FB /* NextScreenTableViewCell.swift in Sources */,
				D4FAB13D241676BE0091A1ED /* Parser.swift in Sources */,
				D4FAB1552416B42E0091A1ED /* JSONParameterEncoder.swift in Sources */,
				D4F63228241504B700604416 /* SceneDelegate.swift in Sources */,
				D4FAB14524168BD00091A1ED /* EndPointType.swift in Sources */,
				D4FAB14B24168D270091A1ED /* ParameterEncoding.swift in Sources */,
				D4FAB14D24168E8F0091A1ED /* URLParameterEncoder.swift in Sources */,
				D4F6323A241505C000604416 /* CountryTableViewController.swift in Sources */,
				D4FAB14724168C320091A1ED /* HTTPMethod.swift in Sources */,
				D4FAB12A24153CEC0091A1ED /* Utils.swift in Sources */,
				D4FAB1532416924C0091A1ED /* Router.swift in Sources */,
				D4FAB12124152C6B0091A1ED /* RegionHeaderView.swift in Sources */,
				D4C6527824150FF0000E6D7D /* RegionTableViewController.swift in Sources */,
				D4FAB14924168CA80091A1ED /* HTTPTask.swift in Sources */,
				D4FAB131241664A40091A1ED /* UIRoundedProgressView.swift in Sources */,
				D4FAB151241691260091A1ED /* NetworkRouter.swift in Sources */,
				D4F63242241507A000604416 /* MapRegion.swift in Sources */,
				D4F63240241506A100604416 /* Constants.swift in Sources */,
			);
			runOnlyForDeploymentPostprocessing = 0;
		};
/* End PBXSourcesBuildPhase section */

/* Begin PBXVariantGroup section */
		D4F6322B241504B700604416 /* Main.storyboard */ = {
			isa = PBXVariantGroup;
			children = (
				D4F6322C241504B700604416 /* Base */,
			);
			name = Main.storyboard;
			sourceTree = "<group>";
		};
		D4F63230241504BB00604416 /* LaunchScreen.storyboard */ = {
			isa = PBXVariantGroup;
			children = (
				D4F63231241504BB00604416 /* Base */,
			);
			name = LaunchScreen.storyboard;
			sourceTree = "<group>";
		};
/* End PBXVariantGroup section */

/* Begin XCBuildConfiguration section */
		D4F63234241504BB00604416 /* Debug */ = {
			isa = XCBuildConfiguration;
			buildSettings = {
				ALWAYS_SEARCH_USER_PATHS = NO;
				CLANG_ANALYZER_NONNULL = YES;
				CLANG_ANALYZER_NUMBER_OBJECT_CONVERSION = YES_AGGRESSIVE;
				CLANG_CXX_LANGUAGE_STANDARD = "gnu++14";
				CLANG_CXX_LIBRARY = "libc++";
				CLANG_ENABLE_MODULES = YES;
				CLANG_ENABLE_OBJC_ARC = YES;
				CLANG_ENABLE_OBJC_WEAK = YES;
				CLANG_WARN_BLOCK_CAPTURE_AUTORELEASING = YES;
				CLANG_WARN_BOOL_CONVERSION = YES;
				CLANG_WARN_COMMA = YES;
				CLANG_WARN_CONSTANT_CONVERSION = YES;
				CLANG_WARN_DEPRECATED_OBJC_IMPLEMENTATIONS = YES;
				CLANG_WARN_DIRECT_OBJC_ISA_USAGE = YES_ERROR;
				CLANG_WARN_DOCUMENTATION_COMMENTS = YES;
				CLANG_WARN_EMPTY_BODY = YES;
				CLANG_WARN_ENUM_CONVERSION = YES;
				CLANG_WARN_INFINITE_RECURSION = YES;
				CLANG_WARN_INT_CONVERSION = YES;
				CLANG_WARN_NON_LITERAL_NULL_CONVERSION = YES;
				CLANG_WARN_OBJC_IMPLICIT_RETAIN_SELF = YES;
				CLANG_WARN_OBJC_LITERAL_CONVERSION = YES;
				CLANG_WARN_OBJC_ROOT_CLASS = YES_ERROR;
				CLANG_WARN_RANGE_LOOP_ANALYSIS = YES;
				CLANG_WARN_STRICT_PROTOTYPES = YES;
				CLANG_WARN_SUSPICIOUS_MOVE = YES;
				CLANG_WARN_UNGUARDED_AVAILABILITY = YES_AGGRESSIVE;
				CLANG_WARN_UNREACHABLE_CODE = YES;
				CLANG_WARN__DUPLICATE_METHOD_MATCH = YES;
				COPY_PHASE_STRIP = NO;
				DEBUG_INFORMATION_FORMAT = dwarf;
				ENABLE_STRICT_OBJC_MSGSEND = YES;
				ENABLE_TESTABILITY = YES;
				GCC_C_LANGUAGE_STANDARD = gnu11;
				GCC_DYNAMIC_NO_PIC = NO;
				GCC_NO_COMMON_BLOCKS = YES;
				GCC_OPTIMIZATION_LEVEL = 0;
				GCC_PREPROCESSOR_DEFINITIONS = (
					"DEBUG=1",
					"$(inherited)",
				);
				GCC_WARN_64_TO_32_BIT_CONVERSION = YES;
				GCC_WARN_ABOUT_RETURN_TYPE = YES_ERROR;
				GCC_WARN_UNDECLARED_SELECTOR = YES;
				GCC_WARN_UNINITIALIZED_AUTOS = YES_AGGRESSIVE;
				GCC_WARN_UNUSED_FUNCTION = YES;
				GCC_WARN_UNUSED_VARIABLE = YES;
				IPHONEOS_DEPLOYMENT_TARGET = 13.2;
				MTL_ENABLE_DEBUG_INFO = INCLUDE_SOURCE;
				MTL_FAST_MATH = YES;
				ONLY_ACTIVE_ARCH = YES;
				SDKROOT = iphoneos;
				SWIFT_ACTIVE_COMPILATION_CONDITIONS = DEBUG;
				SWIFT_OPTIMIZATION_LEVEL = "-Onone";
			};
			name = Debug;
		};
		D4F63235241504BB00604416 /* Release */ = {
			isa = XCBuildConfiguration;
			buildSettings = {
				ALWAYS_SEARCH_USER_PATHS = NO;
				CLANG_ANALYZER_NONNULL = YES;
				CLANG_ANALYZER_NUMBER_OBJECT_CONVERSION = YES_AGGRESSIVE;
				CLANG_CXX_LANGUAGE_STANDARD = "gnu++14";
				CLANG_CXX_LIBRARY = "libc++";
				CLANG_ENABLE_MODULES = YES;
				CLANG_ENABLE_OBJC_ARC = YES;
				CLANG_ENABLE_OBJC_WEAK = YES;
				CLANG_WARN_BLOCK_CAPTURE_AUTORELEASING = YES;
				CLANG_WARN_BOOL_CONVERSION = YES;
				CLANG_WARN_COMMA = YES;
				CLANG_WARN_CONSTANT_CONVERSION = YES;
				CLANG_WARN_DEPRECATED_OBJC_IMPLEMENTATIONS = YES;
				CLANG_WARN_DIRECT_OBJC_ISA_USAGE = YES_ERROR;
				CLANG_WARN_DOCUMENTATION_COMMENTS = YES;
				CLANG_WARN_EMPTY_BODY = YES;
				CLANG_WARN_ENUM_CONVERSION = YES;
				CLANG_WARN_INFINITE_RECURSION = YES;
				CLANG_WARN_INT_CONVERSION = YES;
				CLANG_WARN_NON_LITERAL_NULL_CONVERSION = YES;
				CLANG_WARN_OBJC_IMPLICIT_RETAIN_SELF = YES;
				CLANG_WARN_OBJC_LITERAL_CONVERSION = YES;
				CLANG_WARN_OBJC_ROOT_CLASS = YES_ERROR;
				CLANG_WARN_RANGE_LOOP_ANALYSIS = YES;
				CLANG_WARN_STRICT_PROTOTYPES = YES;
				CLANG_WARN_SUSPICIOUS_MOVE = YES;
				CLANG_WARN_UNGUARDED_AVAILABILITY = YES_AGGRESSIVE;
				CLANG_WARN_UNREACHABLE_CODE = YES;
				CLANG_WARN__DUPLICATE_METHOD_MATCH = YES;
				COPY_PHASE_STRIP = NO;
				DEBUG_INFORMATION_FORMAT = "dwarf-with-dsym";
				ENABLE_NS_ASSERTIONS = NO;
				ENABLE_STRICT_OBJC_MSGSEND = YES;
				GCC_C_LANGUAGE_STANDARD = gnu11;
				GCC_NO_COMMON_BLOCKS = YES;
				GCC_WARN_64_TO_32_BIT_CONVERSION = YES;
				GCC_WARN_ABOUT_RETURN_TYPE = YES_ERROR;
				GCC_WARN_UNDECLARED_SELECTOR = YES;
				GCC_WARN_UNINITIALIZED_AUTOS = YES_AGGRESSIVE;
				GCC_WARN_UNUSED_FUNCTION = YES;
				GCC_WARN_UNUSED_VARIABLE = YES;
				IPHONEOS_DEPLOYMENT_TARGET = 13.2;
				MTL_ENABLE_DEBUG_INFO = NO;
				MTL_FAST_MATH = YES;
				SDKROOT = iphoneos;
				SWIFT_COMPILATION_MODE = wholemodule;
				SWIFT_OPTIMIZATION_LEVEL = "-O";
				VALIDATE_PRODUCT = YES;
			};
			name = Release;
		};
		D4F63237241504BB00604416 /* Debug */ = {
			isa = XCBuildConfiguration;
			buildSettings = {
				ASSETCATALOG_COMPILER_APPICON_NAME = AppIcon;
				CODE_SIGN_STYLE = Automatic;
				DEVELOPMENT_TEAM = 9LY79WQUU9;
				INFOPLIST_FILE = MapLoader/Info.plist;
				LD_RUNPATH_SEARCH_PATHS = (
					"$(inherited)",
					"@executable_path/Frameworks",
				);
				PRODUCT_BUNDLE_IDENTIFIER = com.nikndr.MapLoader;
				PRODUCT_NAME = "$(TARGET_NAME)";
				SWIFT_VERSION = 5.0;
				TARGETED_DEVICE_FAMILY = "1,2";
			};
			name = Debug;
		};
		D4F63238241504BB00604416 /* Release */ = {
			isa = XCBuildConfiguration;
			buildSettings = {
				ASSETCATALOG_COMPILER_APPICON_NAME = AppIcon;
				CODE_SIGN_STYLE = Automatic;
				DEVELOPMENT_TEAM = 9LY79WQUU9;
				INFOPLIST_FILE = MapLoader/Info.plist;
				LD_RUNPATH_SEARCH_PATHS = (
					"$(inherited)",
					"@executable_path/Frameworks",
				);
				PRODUCT_BUNDLE_IDENTIFIER = com.nikndr.MapLoader;
				PRODUCT_NAME = "$(TARGET_NAME)";
				SWIFT_VERSION = 5.0;
				TARGETED_DEVICE_FAMILY = "1,2";
			};
			name = Release;
		};
/* End XCBuildConfiguration section */

/* Begin XCConfigurationList section */
		D4F6321D241504B700604416 /* Build configuration list for PBXProject "MapLoader" */ = {
			isa = XCConfigurationList;
			buildConfigurations = (
				D4F63234241504BB00604416 /* Debug */,
				D4F63235241504BB00604416 /* Release */,
			);
			defaultConfigurationIsVisible = 0;
			defaultConfigurationName = Release;
		};
		D4F63236241504BB00604416 /* Build configuration list for PBXNativeTarget "MapLoader" */ = {
			isa = XCConfigurationList;
			buildConfigurations = (
				D4F63237241504BB00604416 /* Debug */,
				D4F63238241504BB00604416 /* Release */,
			);
			defaultConfigurationIsVisible = 0;
			defaultConfigurationName = Release;
		};
/* End XCConfigurationList section */
	};
	rootObject = D4F6321A241504B700604416 /* Project object */;
}
